// !$*UTF8*$!
{
	archiveVersion = 1;
	classes = {
	};
	objectVersion = 55;
	objects = {

/* Begin PBXBuildFile section */
		4D0F2353277BA3D300A32102 /* OnPasteboardChange in Frameworks */ = {isa = PBXBuildFile; productRef = 4D0F2352277BA3D300A32102 /* OnPasteboardChange */; };
		4D30393627714349006A1811 /* ClipHistApp.swift in Sources */ = {isa = PBXBuildFile; fileRef = 4D30393527714349006A1811 /* ClipHistApp.swift */; };
		4D30393827714349006A1811 /* ContentView.swift in Sources */ = {isa = PBXBuildFile; fileRef = 4D30393727714349006A1811 /* ContentView.swift */; };
		4D30393A2771434A006A1811 /* Assets.xcassets in Resources */ = {isa = PBXBuildFile; fileRef = 4D3039392771434A006A1811 /* Assets.xcassets */; };
		4D30393D2771434A006A1811 /* Preview Assets.xcassets in Resources */ = {isa = PBXBuildFile; fileRef = 4D30393C2771434A006A1811 /* Preview Assets.xcassets */; };
		4D3039482771434A006A1811 /* ClipHistTests.swift in Sources */ = {isa = PBXBuildFile; fileRef = 4D3039472771434A006A1811 /* ClipHistTests.swift */; };
		4D3039522771434A006A1811 /* ClipHistUITests.swift in Sources */ = {isa = PBXBuildFile; fileRef = 4D3039512771434A006A1811 /* ClipHistUITests.swift */; };
		4D3039542771434A006A1811 /* ClipHistUITestsLaunchTests.swift in Sources */ = {isa = PBXBuildFile; fileRef = 4D3039532771434A006A1811 /* ClipHistUITestsLaunchTests.swift */; };
/* End PBXBuildFile section */

/* Begin PBXContainerItemProxy section */
		4D3039442771434A006A1811 /* PBXContainerItemProxy */ = {
			isa = PBXContainerItemProxy;
			containerPortal = 4D30392A27714349006A1811 /* Project object */;
			proxyType = 1;
			remoteGlobalIDString = 4D30393127714349006A1811;
			remoteInfo = ClipHist;
		};
		4D30394E2771434A006A1811 /* PBXContainerItemProxy */ = {
			isa = PBXContainerItemProxy;
			containerPortal = 4D30392A27714349006A1811 /* Project object */;
			proxyType = 1;
			remoteGlobalIDString = 4D30393127714349006A1811;
			remoteInfo = ClipHist;
		};
/* End PBXContainerItemProxy section */

/* Begin PBXFileReference section */
		4D30393227714349006A1811 /* ClipHist.app */ = {isa = PBXFileReference; explicitFileType = wrapper.application; includeInIndex = 0; path = ClipHist.app; sourceTree = BUILT_PRODUCTS_DIR; };
		4D30393527714349006A1811 /* ClipHistApp.swift */ = {isa = PBXFileReference; lastKnownFileType = sourcecode.swift; path = ClipHistApp.swift; sourceTree = "<group>"; };
		4D30393727714349006A1811 /* ContentView.swift */ = {isa = PBXFileReference; lastKnownFileType = sourcecode.swift; path = ContentView.swift; sourceTree = "<group>"; };
		4D3039392771434A006A1811 /* Assets.xcassets */ = {isa = PBXFileReference; lastKnownFileType = folder.assetcatalog; path = Assets.xcassets; sourceTree = "<group>"; };
		4D30393C2771434A006A1811 /* Preview Assets.xcassets */ = {isa = PBXFileReference; lastKnownFileType = folder.assetcatalog; path = "Preview Assets.xcassets"; sourceTree = "<group>"; };
		4D30393E2771434A006A1811 /* ClipHist.entitlements */ = {isa = PBXFileReference; lastKnownFileType = text.plist.entitlements; path = ClipHist.entitlements; sourceTree = "<group>"; };
		4D3039432771434A006A1811 /* ClipHistTests.xctest */ = {isa = PBXFileReference; explicitFileType = wrapper.cfbundle; includeInIndex = 0; path = ClipHistTests.xctest; sourceTree = BUILT_PRODUCTS_DIR; };
		4D3039472771434A006A1811 /* ClipHistTests.swift */ = {isa = PBXFileReference; lastKnownFileType = sourcecode.swift; path = ClipHistTests.swift; sourceTree = "<group>"; };
		4D30394D2771434A006A1811 /* ClipHistUITests.xctest */ = {isa = PBXFileReference; explicitFileType = wrapper.cfbundle; includeInIndex = 0; path = ClipHistUITests.xctest; sourceTree = BUILT_PRODUCTS_DIR; };
		4D3039512771434A006A1811 /* ClipHistUITests.swift */ = {isa = PBXFileReference; lastKnownFileType = sourcecode.swift; path = ClipHistUITests.swift; sourceTree = "<group>"; };
		4D3039532771434A006A1811 /* ClipHistUITestsLaunchTests.swift */ = {isa = PBXFileReference; lastKnownFileType = sourcecode.swift; path = ClipHistUITestsLaunchTests.swift; sourceTree = "<group>"; };
/* End PBXFileReference section */

/* Begin PBXFrameworksBuildPhase section */
		4D30392F27714349006A1811 /* Frameworks */ = {
			isa = PBXFrameworksBuildPhase;
			buildActionMask = 2147483647;
			files = (
				4D0F2353277BA3D300A32102 /* OnPasteboardChange in Frameworks */,
			);
			runOnlyForDeploymentPostprocessing = 0;
		};
		4D3039402771434A006A1811 /* Frameworks */ = {
			isa = PBXFrameworksBuildPhase;
			buildActionMask = 2147483647;
			files = (
			);
			runOnlyForDeploymentPostprocessing = 0;
		};
		4D30394A2771434A006A1811 /* Frameworks */ = {
			isa = PBXFrameworksBuildPhase;
			buildActionMask = 2147483647;
			files = (
			);
			runOnlyForDeploymentPostprocessing = 0;
		};
/* End PBXFrameworksBuildPhase section */

/* Begin PBXGroup section */
		4D30392927714349006A1811 = {
			isa = PBXGroup;
			children = (
				4D30393427714349006A1811 /* ClipHist */,
				4D3039462771434A006A1811 /* ClipHistTests */,
				4D3039502771434A006A1811 /* ClipHistUITests */,
				4D30393327714349006A1811 /* Products */,
			);
			sourceTree = "<group>";
		};
		4D30393327714349006A1811 /* Products */ = {
			isa = PBXGroup;
			children = (
				4D30393227714349006A1811 /* ClipHist.app */,
				4D3039432771434A006A1811 /* ClipHistTests.xctest */,
				4D30394D2771434A006A1811 /* ClipHistUITests.xctest */,
			);
			name = Products;
			sourceTree = "<group>";
		};
		4D30393427714349006A1811 /* ClipHist */ = {
			isa = PBXGroup;
			children = (
				4D30393527714349006A1811 /* ClipHistApp.swift */,
				4D30393727714349006A1811 /* ContentView.swift */,
				4D3039392771434A006A1811 /* Assets.xcassets */,
				4D30393E2771434A006A1811 /* ClipHist.entitlements */,
				4D30393B2771434A006A1811 /* Preview Content */,
			);
			path = ClipHist;
			sourceTree = "<group>";
		};
		4D30393B2771434A006A1811 /* Preview Content */ = {
			isa = PBXGroup;
			children = (
				4D30393C2771434A006A1811 /* Preview Assets.xcassets */,
			);
			path = "Preview Content";
			sourceTree = "<group>";
		};
		4D3039462771434A006A1811 /* ClipHistTests */ = {
			isa = PBXGroup;
			children = (
				4D3039472771434A006A1811 /* ClipHistTests.swift */,
			);
			path = ClipHistTests;
			sourceTree = "<group>";
		};
		4D3039502771434A006A1811 /* ClipHistUITests */ = {
			isa = PBXGroup;
			children = (
				4D3039512771434A006A1811 /* ClipHistUITests.swift */,
				4D3039532771434A006A1811 /* ClipHistUITestsLaunchTests.swift */,
			);
			path = ClipHistUITests;
			sourceTree = "<group>";
		};
/* End PBXGroup section */

/* Begin PBXNativeTarget section */
		4D30393127714349006A1811 /* ClipHist */ = {
			isa = PBXNativeTarget;
			buildConfigurationList = 4D3039572771434A006A1811 /* Build configuration list for PBXNativeTarget "ClipHist" */;
			buildPhases = (
				4D30392E27714349006A1811 /* Sources */,
				4D30392F27714349006A1811 /* Frameworks */,
				4D30393027714349006A1811 /* Resources */,
			);
			buildRules = (
			);
			dependencies = (
			);
			name = ClipHist;
			packageProductDependencies = (
				4D0F2352277BA3D300A32102 /* OnPasteboardChange */,
			);
			productName = ClipHist;
			productReference = 4D30393227714349006A1811 /* ClipHist.app */;
			productType = "com.apple.product-type.application";
		};
		4D3039422771434A006A1811 /* ClipHistTests */ = {
			isa = PBXNativeTarget;
			buildConfigurationList = 4D30395A2771434A006A1811 /* Build configuration list for PBXNativeTarget "ClipHistTests" */;
			buildPhases = (
				4D30393F2771434A006A1811 /* Sources */,
				4D3039402771434A006A1811 /* Frameworks */,
				4D3039412771434A006A1811 /* Resources */,
			);
			buildRules = (
			);
			dependencies = (
				4D3039452771434A006A1811 /* PBXTargetDependency */,
			);
			name = ClipHistTests;
			productName = ClipHistTests;
			productReference = 4D3039432771434A006A1811 /* ClipHistTests.xctest */;
			productType = "com.apple.product-type.bundle.unit-test";
		};
		4D30394C2771434A006A1811 /* ClipHistUITests */ = {
			isa = PBXNativeTarget;
			buildConfigurationList = 4D30395D2771434A006A1811 /* Build configuration list for PBXNativeTarget "ClipHistUITests" */;
			buildPhases = (
				4D3039492771434A006A1811 /* Sources */,
				4D30394A2771434A006A1811 /* Frameworks */,
				4D30394B2771434A006A1811 /* Resources */,
			);
			buildRules = (
			);
			dependencies = (
				4D30394F2771434A006A1811 /* PBXTargetDependency */,
			);
			name = ClipHistUITests;
			productName = ClipHistUITests;
			productReference = 4D30394D2771434A006A1811 /* ClipHistUITests.xctest */;
			productType = "com.apple.product-type.bundle.ui-testing";
		};
/* End PBXNativeTarget section */

/* Begin PBXProject section */
		4D30392A27714349006A1811 /* Project object */ = {
			isa = PBXProject;
			attributes = {
				BuildIndependentTargetsInParallel = 1;
				LastSwiftUpdateCheck = 1320;
				LastUpgradeCheck = 1320;
				TargetAttributes = {
					4D30393127714349006A1811 = {
						CreatedOnToolsVersion = 13.2.1;
					};
					4D3039422771434A006A1811 = {
						CreatedOnToolsVersion = 13.2.1;
						TestTargetID = 4D30393127714349006A1811;
					};
					4D30394C2771434A006A1811 = {
						CreatedOnToolsVersion = 13.2.1;
						TestTargetID = 4D30393127714349006A1811;
					};
				};
			};
			buildConfigurationList = 4D30392D27714349006A1811 /* Build configuration list for PBXProject "ClipHist" */;
			compatibilityVersion = "Xcode 13.0";
			developmentRegion = en;
			hasScannedForEncodings = 0;
			knownRegions = (
				en,
				Base,
			);
			mainGroup = 4D30392927714349006A1811;
			packageReferences = (
				4D0F2351277BA3D300A32102 /* XCRemoteSwiftPackageReference "OnPasteboardChange" */,
			);
			productRefGroup = 4D30393327714349006A1811 /* Products */;
			projectDirPath = "";
			projectRoot = "";
			targets = (
				4D30393127714349006A1811 /* ClipHist */,
				4D3039422771434A006A1811 /* ClipHistTests */,
				4D30394C2771434A006A1811 /* ClipHistUITests */,
			);
		};
/* End PBXProject section */

/* Begin PBXResourcesBuildPhase section */
		4D30393027714349006A1811 /* Resources */ = {
			isa = PBXResourcesBuildPhase;
			buildActionMask = 2147483647;
			files = (
				4D30393D2771434A006A1811 /* Preview Assets.xcassets in Resources */,
				4D30393A2771434A006A1811 /* Assets.xcassets in Resources */,
			);
			runOnlyForDeploymentPostprocessing = 0;
		};
		4D3039412771434A006A1811 /* Resources */ = {
			isa = PBXResourcesBuildPhase;
			buildActionMask = 2147483647;
			files = (
			);
			runOnlyForDeploymentPostprocessing = 0;
		};
		4D30394B2771434A006A1811 /* Resources */ = {
			isa = PBXResourcesBuildPhase;
			buildActionMask = 2147483647;
			files = (
			);
			runOnlyForDeploymentPostprocessing = 0;
		};
/* End PBXResourcesBuildPhase section */

/* Begin PBXSourcesBuildPhase section */
		4D30392E27714349006A1811 /* Sources */ = {
			isa = PBXSourcesBuildPhase;
			buildActionMask = 2147483647;
			files = (
				4D30393827714349006A1811 /* ContentView.swift in Sources */,
				4D30393627714349006A1811 /* ClipHistApp.swift in Sources */,
			);
			runOnlyForDeploymentPostprocessing = 0;
		};
		4D30393F2771434A006A1811 /* Sources */ = {
			isa = PBXSourcesBuildPhase;
			buildActionMask = 2147483647;
			files = (
				4D3039482771434A006A1811 /* ClipHistTests.swift in Sources */,
			);
			runOnlyForDeploymentPostprocessing = 0;
		};
		4D3039492771434A006A1811 /* Sources */ = {
			isa = PBXSourcesBuildPhase;
			buildActionMask = 2147483647;
			files = (
				4D3039542771434A006A1811 /* ClipHistUITestsLaunchTests.swift in Sources */,
				4D3039522771434A006A1811 /* ClipHistUITests.swift in Sources */,
			);
			runOnlyForDeploymentPostprocessing = 0;
		};
/* End PBXSourcesBuildPhase section */

/* Begin PBXTargetDependency section */
		4D3039452771434A006A1811 /* PBXTargetDependency */ = {
			isa = PBXTargetDependency;
			target = 4D30393127714349006A1811 /* ClipHist */;
			targetProxy = 4D3039442771434A006A1811 /* PBXContainerItemProxy */;
		};
		4D30394F2771434A006A1811 /* PBXTargetDependency */ = {
			isa = PBXTargetDependency;
			target = 4D30393127714349006A1811 /* ClipHist */;
			targetProxy = 4D30394E2771434A006A1811 /* PBXContainerItemProxy */;
		};
/* End PBXTargetDependency section */

/* Begin XCBuildConfiguration section */
		4D3039552771434A006A1811 /* Debug */ = {
			isa = XCBuildConfiguration;
			buildSettings = {
				ALWAYS_SEARCH_USER_PATHS = NO;
				CLANG_ANALYZER_NONNULL = YES;
				CLANG_ANALYZER_NUMBER_OBJECT_CONVERSION = YES_AGGRESSIVE;
				CLANG_CXX_LANGUAGE_STANDARD = "gnu++17";
				CLANG_CXX_LIBRARY = "libc++";
				CLANG_ENABLE_MODULES = YES;
				CLANG_ENABLE_OBJC_ARC = YES;
				CLANG_ENABLE_OBJC_WEAK = YES;
				CLANG_WARN_BLOCK_CAPTURE_AUTORELEASING = YES;
				CLANG_WARN_BOOL_CONVERSION = YES;
				CLANG_WARN_COMMA = YES;
				CLANG_WARN_CONSTANT_CONVERSION = YES;
				CLANG_WARN_DEPRECATED_OBJC_IMPLEMENTATIONS = YES;
				CLANG_WARN_DIRECT_OBJC_ISA_USAGE = YES_ERROR;
				CLANG_WARN_DOCUMENTATION_COMMENTS = YES;
				CLANG_WARN_EMPTY_BODY = YES;
				CLANG_WARN_ENUM_CONVERSION = YES;
				CLANG_WARN_INFINITE_RECURSION = YES;
				CLANG_WARN_INT_CONVERSION = YES;
				CLANG_WARN_NON_LITERAL_NULL_CONVERSION = YES;
				CLANG_WARN_OBJC_IMPLICIT_RETAIN_SELF = YES;
				CLANG_WARN_OBJC_LITERAL_CONVERSION = YES;
				CLANG_WARN_OBJC_ROOT_CLASS = YES_ERROR;
				CLANG_WARN_QUOTED_INCLUDE_IN_FRAMEWORK_HEADER = YES;
				CLANG_WARN_RANGE_LOOP_ANALYSIS = YES;
				CLANG_WARN_STRICT_PROTOTYPES = YES;
				CLANG_WARN_SUSPICIOUS_MOVE = YES;
				CLANG_WARN_UNGUARDED_AVAILABILITY = YES_AGGRESSIVE;
				CLANG_WARN_UNREACHABLE_CODE = YES;
				CLANG_WARN__DUPLICATE_METHOD_MATCH = YES;
				COPY_PHASE_STRIP = NO;
				DEBUG_INFORMATION_FORMAT = dwarf;
				ENABLE_STRICT_OBJC_MSGSEND = YES;
				ENABLE_TESTABILITY = YES;
				GCC_C_LANGUAGE_STANDARD = gnu11;
				GCC_DYNAMIC_NO_PIC = NO;
				GCC_NO_COMMON_BLOCKS = YES;
				GCC_OPTIMIZATION_LEVEL = 0;
				GCC_PREPROCESSOR_DEFINITIONS = (
					"DEBUG=1",
					"$(inherited)",
				);
				GCC_WARN_64_TO_32_BIT_CONVERSION = YES;
				GCC_WARN_ABOUT_RETURN_TYPE = YES_ERROR;
				GCC_WARN_UNDECLARED_SELECTOR = YES;
				GCC_WARN_UNINITIALIZED_AUTOS = YES_AGGRESSIVE;
				GCC_WARN_UNUSED_FUNCTION = YES;
				GCC_WARN_UNUSED_VARIABLE = YES;
				MACOSX_DEPLOYMENT_TARGET = 12.1;
				MTL_ENABLE_DEBUG_INFO = INCLUDE_SOURCE;
				MTL_FAST_MATH = YES;
				ONLY_ACTIVE_ARCH = YES;
				SDKROOT = macosx;
				SWIFT_ACTIVE_COMPILATION_CONDITIONS = DEBUG;
				SWIFT_OPTIMIZATION_LEVEL = "-Onone";
			};
			name = Debug;
		};
		4D3039562771434A006A1811 /* Release */ = {
			isa = XCBuildConfiguration;
			buildSettings = {
				ALWAYS_SEARCH_USER_PATHS = NO;
				CLANG_ANALYZER_NONNULL = YES;
				CLANG_ANALYZER_NUMBER_OBJECT_CONVERSION = YES_AGGRESSIVE;
				CLANG_CXX_LANGUAGE_STANDARD = "gnu++17";
				CLANG_CXX_LIBRARY = "libc++";
				CLANG_ENABLE_MODULES = YES;
				CLANG_ENABLE_OBJC_ARC = YES;
				CLANG_ENABLE_OBJC_WEAK = YES;
				CLANG_WARN_BLOCK_CAPTURE_AUTORELEASING = YES;
				CLANG_WARN_BOOL_CONVERSION = YES;
				CLANG_WARN_COMMA = YES;
				CLANG_WARN_CONSTANT_CONVERSION = YES;
				CLANG_WARN_DEPRECATED_OBJC_IMPLEMENTATIONS = YES;
				CLANG_WARN_DIRECT_OBJC_ISA_USAGE = YES_ERROR;
				CLANG_WARN_DOCUMENTATION_COMMENTS = YES;
				CLANG_WARN_EMPTY_BODY = YES;
				CLANG_WARN_ENUM_CONVERSION = YES;
				CLANG_WARN_INFINITE_RECURSION = YES;
				CLANG_WARN_INT_CONVERSION = YES;
				CLANG_WARN_NON_LITERAL_NULL_CONVERSION = YES;
				CLANG_WARN_OBJC_IMPLICIT_RETAIN_SELF = YES;
				CLANG_WARN_OBJC_LITERAL_CONVERSION = YES;
				CLANG_WARN_OBJC_ROOT_CLASS = YES_ERROR;
				CLANG_WARN_QUOTED_INCLUDE_IN_FRAMEWORK_HEADER = YES;
				CLANG_WARN_RANGE_LOOP_ANALYSIS = YES;
				CLANG_WARN_STRICT_PROTOTYPES = YES;
				CLANG_WARN_SUSPICIOUS_MOVE = YES;
				CLANG_WARN_UNGUARDED_AVAILABILITY = YES_AGGRESSIVE;
				CLANG_WARN_UNREACHABLE_CODE = YES;
				CLANG_WARN__DUPLICATE_METHOD_MATCH = YES;
				COPY_PHASE_STRIP = NO;
				DEBUG_INFORMATION_FORMAT = "dwarf-with-dsym";
				ENABLE_NS_ASSERTIONS = NO;
				ENABLE_STRICT_OBJC_MSGSEND = YES;
				GCC_C_LANGUAGE_STANDARD = gnu11;
				GCC_NO_COMMON_BLOCKS = YES;
				GCC_WARN_64_TO_32_BIT_CONVERSION = YES;
				GCC_WARN_ABOUT_RETURN_TYPE = YES_ERROR;
				GCC_WARN_UNDECLARED_SELECTOR = YES;
				GCC_WARN_UNINITIALIZED_AUTOS = YES_AGGRESSIVE;
				GCC_WARN_UNUSED_FUNCTION = YES;
				GCC_WARN_UNUSED_VARIABLE = YES;
				MACOSX_DEPLOYMENT_TARGET = 12.1;
				MTL_ENABLE_DEBUG_INFO = NO;
				MTL_FAST_MATH = YES;
				SDKROOT = macosx;
				SWIFT_COMPILATION_MODE = wholemodule;
				SWIFT_OPTIMIZATION_LEVEL = "-O";
			};
			name = Release;
		};
		4D3039582771434A006A1811 /* Debug */ = {
			isa = XCBuildConfiguration;
			buildSettings = {
				ASSETCATALOG_COMPILER_APPICON_NAME = AppIcon;
				ASSETCATALOG_COMPILER_GLOBAL_ACCENT_COLOR_NAME = AccentColor;
				CODE_SIGN_ENTITLEMENTS = ClipHist/ClipHist.entitlements;
				CODE_SIGN_STYLE = Automatic;
				COMBINE_HIDPI_IMAGES = YES;
				CURRENT_PROJECT_VERSION = 1;
				DEVELOPMENT_ASSET_PATHS = "\"ClipHist/Preview Content\"";
				DEVELOPMENT_TEAM = C5997BJF7A;
				ENABLE_HARDENED_RUNTIME = YES;
				ENABLE_PREVIEWS = YES;
				GENERATE_INFOPLIST_FILE = YES;
				INFOPLIST_KEY_NSHumanReadableCopyright = "";
				LD_RUNPATH_SEARCH_PATHS = (
					"$(inherited)",
					"@executable_path/../Frameworks",
				);
				MACOSX_DEPLOYMENT_TARGET = 13.0;
				MARKETING_VERSION = 1.0;
				PRODUCT_BUNDLE_IDENTIFIER = jhamir.ClipHist;
				PRODUCT_NAME = "$(TARGET_NAME)";
				SWIFT_EMIT_LOC_STRINGS = YES;
				SWIFT_VERSION = 5.0;
			};
			name = Debug;
		};
		4D3039592771434A006A1811 /* Release */ = {
			isa = XCBuildConfiguration;
			buildSettings = {
				ASSETCATALOG_COMPILER_APPICON_NAME = AppIcon;
				ASSETCATALOG_COMPILER_GLOBAL_ACCENT_COLOR_NAME = AccentColor;
				CODE_SIGN_ENTITLEMENTS = ClipHist/ClipHist.entitlements;
				CODE_SIGN_STYLE = Automatic;
				COMBINE_HIDPI_IMAGES = YES;
				CURRENT_PROJECT_VERSION = 1;
				DEVELOPMENT_ASSET_PATHS = "\"ClipHist/Preview Content\"";
				DEVELOPMENT_TEAM = C5997BJF7A;
				ENABLE_HARDENED_RUNTIME = YES;
				ENABLE_PREVIEWS = YES;
				GENERATE_INFOPLIST_FILE = YES;
				INFOPLIST_KEY_NSHumanReadableCopyright = "";
				LD_RUNPATH_SEARCH_PATHS = (
					"$(inherited)",
					"@executable_path/../Frameworks",
				);
				MACOSX_DEPLOYMENT_TARGET = 13.0;
				MARKETING_VERSION = 1.0;
				PRODUCT_BUNDLE_IDENTIFIER = jhamir.ClipHist;
				PRODUCT_NAME = "$(TARGET_NAME)";
				SWIFT_EMIT_LOC_STRINGS = YES;
				SWIFT_VERSION = 5.0;
			};
			name = Release;
		};
		4D30395B2771434A006A1811 /* Debug */ = {
			isa = XCBuildConfiguration;
			buildSettings = {
				ALWAYS_EMBED_SWIFT_STANDARD_LIBRARIES = YES;
				BUNDLE_LOADER = "$(TEST_HOST)";
				CODE_SIGN_STYLE = Automatic;
				CURRENT_PROJECT_VERSION = 1;
				DEVELOPMENT_TEAM = C5997BJF7A;
				GENERATE_INFOPLIST_FILE = YES;
				MACOSX_DEPLOYMENT_TARGET = 12.1;
				MARKETING_VERSION = 1.0;
				PRODUCT_BUNDLE_IDENTIFIER = jhamir.ClipHistTests;
				PRODUCT_NAME = "$(TARGET_NAME)";
				SWIFT_EMIT_LOC_STRINGS = NO;
				SWIFT_VERSION = 5.0;
				TEST_HOST = "$(BUILT_PRODUCTS_DIR)/ClipHist.app/Contents/MacOS/ClipHist";
			};
			name = Debug;
		};
		4D30395C2771434A006A1811 /* Release */ = {
			isa = XCBuildConfiguration;
			buildSettings = {
				ALWAYS_EMBED_SWIFT_STANDARD_LIBRARIES = YES;
				BUNDLE_LOADER = "$(TEST_HOST)";
				CODE_SIGN_STYLE = Automatic;
				CURRENT_PROJECT_VERSION = 1;
				DEVELOPMENT_TEAM = C5997BJF7A;
				GENERATE_INFOPLIST_FILE = YES;
				MACOSX_DEPLOYMENT_TARGET = 12.1;
				MARKETING_VERSION = 1.0;
				PRODUCT_BUNDLE_IDENTIFIER = jhamir.ClipHistTests;
				PRODUCT_NAME = "$(TARGET_NAME)";
				SWIFT_EMIT_LOC_STRINGS = NO;
				SWIFT_VERSION = 5.0;
				TEST_HOST = "$(BUILT_PRODUCTS_DIR)/ClipHist.app/Contents/MacOS/ClipHist";
			};
			name = Release;
		};
		4D30395E2771434A006A1811 /* Debug */ = {
			isa = XCBuildConfiguration;
			buildSettings = {
				ALWAYS_EMBED_SWIFT_STANDARD_LIBRARIES = YES;
				CODE_SIGN_STYLE = Automatic;
				CURRENT_PROJECT_VERSION = 1;
				DEVELOPMENT_TEAM = C5997BJF7A;
				GENERATE_INFOPLIST_FILE = YES;
				MARKETING_VERSION = 1.0;
				PRODUCT_BUNDLE_IDENTIFIER = jhamir.ClipHistUITests;
				PRODUCT_NAME = "$(TARGET_NAME)";
				SWIFT_EMIT_LOC_STRINGS = NO;
				SWIFT_VERSION = 5.0;
				TEST_TARGET_NAME = ClipHist;
			};
			name = Debug;
		};
		4D30395F2771434A006A1811 /* Release */ = {
			isa = XCBuildConfiguration;
			buildSettings = {
				ALWAYS_EMBED_SWIFT_STANDARD_LIBRARIES = YES;
				CODE_SIGN_STYLE = Automatic;
				CURRENT_PROJECT_VERSION = 1;
				DEVELOPMENT_TEAM = C5997BJF7A;
				GENERATE_INFOPLIST_FILE = YES;
				MARKETING_VERSION = 1.0;
				PRODUCT_BUNDLE_IDENTIFIER = jhamir.ClipHistUITests;
				PRODUCT_NAME = "$(TARGET_NAME)";
				SWIFT_EMIT_LOC_STRINGS = NO;
				SWIFT_VERSION = 5.0;
				TEST_TARGET_NAME = ClipHist;
			};
			name = Release;
		};
/* End XCBuildConfiguration section */

/* Begin XCConfigurationList section */
		4D30392D27714349006A1811 /* Build configuration list for PBXProject "ClipHist" */ = {
			isa = XCConfigurationList;
			buildConfigurations = (
				4D3039552771434A006A1811 /* Debug */,
				4D3039562771434A006A1811 /* Release */,
			);
			defaultConfigurationIsVisible = 0;
			defaultConfigurationName = Release;
		};
		4D3039572771434A006A1811 /* Build configuration list for PBXNativeTarget "ClipHist" */ = {
			isa = XCConfigurationList;
			buildConfigurations = (
				4D3039582771434A006A1811 /* Debug */,
				4D3039592771434A006A1811 /* Release */,
			);
			defaultConfigurationIsVisible = 0;
			defaultConfigurationName = Release;
		};
		4D30395A2771434A006A1811 /* Build configuration list for PBXNativeTarget "ClipHistTests" */ = {
			isa = XCConfigurationList;
			buildConfigurations = (
				4D30395B2771434A006A1811 /* Debug */,
				4D30395C2771434A006A1811 /* Release */,
			);
			defaultConfigurationIsVisible = 0;
			defaultConfigurationName = Release;
		};
		4D30395D2771434A006A1811 /* Build configuration list for PBXNativeTarget "ClipHistUITests" */ = {
			isa = XCConfigurationList;
			buildConfigurations = (
				4D30395E2771434A006A1811 /* Debug */,
				4D30395F2771434A006A1811 /* Release */,
			);
			defaultConfigurationIsVisible = 0;
			defaultConfigurationName = Release;
		};
/* End XCConfigurationList section */

/* Begin XCRemoteSwiftPackageReference section */
		4D0F2351277BA3D300A32102 /* XCRemoteSwiftPackageReference "OnPasteboardChange" */ = {
			isa = XCRemoteSwiftPackageReference;
			repositoryURL = "https://github.com/kyle-n/OnPasteboardChange";
			requirement = {
				branch = main;
				kind = branch;
			};
		};
/* End XCRemoteSwiftPackageReference section */

/* Begin XCSwiftPackageProductDependency section */
		4D0F2352277BA3D300A32102 /* OnPasteboardChange */ = {
			isa = XCSwiftPackageProductDependency;
			package = 4D0F2351277BA3D300A32102 /* XCRemoteSwiftPackageReference "OnPasteboardChange" */;
			productName = OnPasteboardChange;
		};
/* End XCSwiftPackageProductDependency section */
	};
	rootObject = 4D30392A27714349006A1811 /* Project object */;
}
